
Microsoft Visual Studio Solution File, Format Version 12.00
# Visual Studio Version 16
VisualStudioVersion = 16.0.29009.5
MinimumVisualStudioVersion = 10.0.40219.1
Project("{FAE04EC0-301F-11D3-BF4B-00C04F79EFBC}") = "HabboWS", "HabboWS\HabboWS.csproj", "{92E47BF1-D459-40AB-A5C2-718C1DA6D626}"
EndProject
Global
	GlobalSection(SolutionConfigurationPlatforms) = preSolution
		Debug|Any CPU = Debug|Any CPU
		Release|Any CPU = Release|Any CPU
	EndGlobalSection
	GlobalSection(ProjectConfigurationPlatforms) = postSolution
		{92E47BF1-D459-40AB-A5C2-718C1DA6D626}.Debug|Any CPU.ActiveCfg = Debug|Any CPU
		{92E47BF1-D459-40AB-A5C2-718C1DA6D626}.Debug|Any CPU.Build.0 = Debug|Any CPU
		{92E47BF1-D459-40AB-A5C2-718C1DA6D626}.Release|Any CPU.ActiveCfg = Release|Any CPU
		{92E47BF1-D459-40AB-A5C2-718C1DA6D626}.Release|Any CPU.Build.0 = Release|Any CPU
	EndGlobalSection
	GlobalSection(SolutionProperties) = preSolution
		HideSolutionNode = FALSE
	EndGlobalSection
	GlobalSection(ExtensibilityGlobals) = postSolution
		SolutionGuid = {08132E64-6701-4487-8817-4F908DE8470C}
	EndGlobalSection
EndGlobal
